{
  "name": "wh-gemach-browser-tests",
  "lockfileVersion": 3,
  "requires": true,
  "packages": {
    "": {
      "name": "wh-gemach-browser-tests",
      "devDependencies": {
        "@fontsource/figtree": "5.3.0",
        "@fontsource/source-serif-4": "5.3.0",
        "playwright": "1.63.0"
      }
    },
    "node_modules/@fontsource/figtree": {
      "version": "5.3.0",
      "resolved": "https://registry.npmjs.org/@fontsource/figtree/-/figtree-5.3.0.tgz",
      "integrity": "sha512-/iTcTXL1eRBGhvD7NN9dnKzXzWqDLVZVEUFI9xIxAC1G/hXU8tCyYeXCAuPOuvSYPInFUP7H6KLGgygmDfy1SA==",
      "dev": true,
      "license": "OFL-1.1",
      "funding": {
        "url": "https://github.com/sponsors/ayuhito"
      }
    },
    "node_modules/@fontsource/source-serif-4": {
      "version": "5.3.0",
      "resolved": "https://registry.npmjs.org/@fontsource/source-serif-4/-/source-serif-4-5.3.0.tgz",
      "integrity": "sha512-yQz8xmIgMzks8zQbpuca3UYtjxK798XCyQAGdDXmzBgvV7sdoK6d0YvE9F9kiYxORCEMRBgGZDZsSYcXj5KvwA==",
      "dev": true,
      "license": "OFL-1.1",
      "funding": {
        "url": "https://github.com/sponsors/ayuhito"
      }
    },
    "node_modules/playwright": {
      "version": "1.63.0",
      "resolved": "https://registry.npmjs.org/playwright/-/playwright-1.63.0.tgz",
      "integrity": "sha512-+7ziBLidS4NaNCdt57SUDT+wYmmd5fmiQejUic/kb+YsYSCPyOOE9sebzMjNmQrsnNpDJqd4WHvV/8lfKfUDUg==",
      "dev": true,
      "license": "Apache-2.0",
      "dependencies": {
        "playwright-core": "1.63.0"
      },
      "bin": {
        "playwright": "cli.js"
      },
      "engines": {
        "node": ">=20"
      }
    },
    "node_modules/playwright-core": {
      "version": "1.63.0",
      "resolved": "https://registry.npmjs.org/playwright-core/-/playwright-core-1.63.0.tgz",
      "integrity": "sha512-rYCsBF/M5HjUch52bbtVONEFjv6Xu8sm8h72dNlR5bzIE1fvC/bxgspzkjSfU+MweEMmPM8KJebG6nnyxo5mCg==",
      "dev": true,
      "license": "Apache-2.0",
      "bin": {
        "playwright-core": "cli.js"
      },
      "engines": {
        "node": ">=20"
      }
    }
  }
}
